
Microsoft Visual Studio Solution File, Format Version 12.00
# Visual Studio Version 16
VisualStudioVersion = 16.0.30225.117
MinimumVisualStudioVersion = 10.0.40219.1
Project("{FAE04EC0-301F-11D3-BF4B-00C04F79EFBC}") = "WindowsFormsApp24", "WindowsFormsApp24\WindowsFormsApp24.csproj", "{2E398FB1-DCD6-4CEF-80D9-3FA45AF11204}"
EndProject
Global
	GlobalSection(SolutionConfigurationPlatforms) = preSolution
		Debug|Any CPU = Debug|Any CPU
		Release|Any CPU = Release|Any CPU
	EndGlobalSection
	GlobalSection(ProjectConfigurationPlatforms) = postSolution
		{2E398FB1-DCD6-4CEF-80D9-3FA45AF11204}.Debug|Any CPU.ActiveCfg = Debug|Any CPU
		{2E398FB1-DCD6-4CEF-80D9-3FA45AF11204}.Debug|Any CPU.Build.0 = Debug|Any CPU
		{2E398FB1-DCD6-4CEF-80D9-3FA45AF11204}.Release|Any CPU.ActiveCfg = Release|Any CPU
		{2E398FB1-DCD6-4CEF-80D9-3FA45AF11204}.Release|Any CPU.Build.0 = Release|Any CPU
	EndGlobalSection
	GlobalSection(SolutionProperties) = preSolution
		HideSolutionNode = FALSE
	EndGlobalSection
	GlobalSection(ExtensibilityGlobals) = postSolution
		SolutionGuid = {F94EBA00-A21E-4FA8-880F-59ED9B3E53C4}
	EndGlobalSection
EndGlobal
